// !$*UTF8*$!
{
	archiveVersion = 1;
	classes = {
	};
	objectVersion = 46;
	objects = {

/* Begin PBXBuildFile section */
		EC0E7C9B162C041600222E53 /* Contact.rdb in Resources */ = {isa = PBXBuildFile; fileRef = EC0E7C9A162C034B00222E53 /* Contact.rdb */; };
		EC4646BB15A5A0A000E0258D /* AddressBook.framework in Frameworks */ = {isa = PBXBuildFile; fileRef = EC4646BA15A5A0A000E0258D /* AddressBook.framework */; };
		EC4646BD15A5A0BF00E0258D /* AddressBookUI.framework in Frameworks */ = {isa = PBXBuildFile; fileRef = EC4646BC15A5A0BF00E0258D /* AddressBookUI.framework */; };
		EC54D0EA1606FF5600B6FCFC /* icon_settings.png in Resources */ = {isa = PBXBuildFile; fileRef = EC54D0E91606FF5600B6FCFC /* icon_settings.png */; };
		EC54D0ED1606FFB500B6FCFC /* icon_settings copy.png in Resources */ = {isa = PBXBuildFile; fileRef = EC54D0EC1606FFB500B6FCFC /* icon_settings copy.png */; };
		EC65D185160B4AFB00272E06 /* Default-568h@2x.png in Resources */ = {isa = PBXBuildFile; fileRef = EC65D184160B4AFB00272E06 /* Default-568h@2x.png */; };
		EC7F020515A455CE00F55735 /* DbDataController.m in Sources */ = {isa = PBXBuildFile; fileRef = EC7F020415A455CE00F55735 /* DbDataController.m */; };
		EC7F020915A4568500F55735 /* Contacts.m in Sources */ = {isa = PBXBuildFile; fileRef = EC7F020815A4568500F55735 /* Contacts.m */; };
		EC7F020C15A4570A00F55735 /* MessageUI.framework in Frameworks */ = {isa = PBXBuildFile; fileRef = EC7F020B15A4570A00F55735 /* MessageUI.framework */; };
		EC7F020E15A4571600F55735 /* libsqlite3.0.dylib in Frameworks */ = {isa = PBXBuildFile; fileRef = EC7F020D15A4571600F55735 /* libsqlite3.0.dylib */; };
		EC80090B15ECBD4D001C0CA0 /* T-mark-warmgray.png in Resources */ = {isa = PBXBuildFile; fileRef = EC80090A15ECBD4D001C0CA0 /* T-mark-warmgray.png */; };
		EC8222EA15AEBDE2006B57BC /* MBProgressHUD.m in Sources */ = {isa = PBXBuildFile; fileRef = EC8222E915AEBDE2006B57BC /* MBProgressHUD.m */; };
		EC828FB215B8236D006D1818 /* SystemConfiguration.framework in Frameworks */ = {isa = PBXBuildFile; fileRef = EC828FB115B8236D006D1818 /* SystemConfiguration.framework */; };
		EC84BB5F1606F7B1008D9142 /* Contact.png in Resources */ = {isa = PBXBuildFile; fileRef = EC84BB5E1606F7B1008D9142 /* Contact.png */; };
		EC85A4AF15FF085600C37EF5 /* 19-gear.png in Resources */ = {isa = PBXBuildFile; fileRef = EC85A4AE15FF085600C37EF5 /* 19-gear.png */; };
		EC85A4B415FF0A0600C37EF5 /* SettingsController.m in Sources */ = {isa = PBXBuildFile; fileRef = EC85A4B315FF0A0600C37EF5 /* SettingsController.m */; };
		EC897902161D896500B8A1F1 /* plist.plist in Resources */ = {isa = PBXBuildFile; fileRef = EC897901161D896500B8A1F1 /* plist.plist */; };
		EC8B375E15FDB3CD00B4FB8D /* VersionController.m in Sources */ = {isa = PBXBuildFile; fileRef = EC8B375D15FDB3CD00B4FB8D /* VersionController.m */; };
		ECC966F115EBA54000CF1FCE /* Reachability.m in Sources */ = {isa = PBXBuildFile; fileRef = ECC966EE15EB987900CF1FCE /* Reachability.m */; };
		ECE718A015F5E9D3008F6874 /* Default@2x.png in Resources */ = {isa = PBXBuildFile; fileRef = ECE7189F15F5E9D3008F6874 /* Default@2x.png */; };
		FC1FF1BC144FD76E008429F9 /* UIKit.framework in Frameworks */ = {isa = PBXBuildFile; fileRef = FC1FF1BB144FD76E008429F9 /* UIKit.framework */; };
		FC1FF1BE144FD76E008429F9 /* Foundation.framework in Frameworks */ = {isa = PBXBuildFile; fileRef = FC1FF1BD144FD76E008429F9 /* Foundation.framework */; };
		FC1FF1C0144FD76E008429F9 /* CoreGraphics.framework in Frameworks */ = {isa = PBXBuildFile; fileRef = FC1FF1BF144FD76E008429F9 /* CoreGraphics.framework */; };
		FC1FF1C6144FD76E008429F9 /* InfoPlist.strings in Resources */ = {isa = PBXBuildFile; fileRef = FC1FF1C4144FD76E008429F9 /* InfoPlist.strings */; };
		FC1FF1C8144FD76E008429F9 /* main.m in Sources */ = {isa = PBXBuildFile; fileRef = FC1FF1C7144FD76E008429F9 /* main.m */; };
		FC1FF1CC144FD76E008429F9 /* AppDelegate.m in Sources */ = {isa = PBXBuildFile; fileRef = FC1FF1CB144FD76E008429F9 /* AppDelegate.m */; };
		FC1FF1CF144FD76E008429F9 /* MainStoryboard.storyboard in Resources */ = {isa = PBXBuildFile; fileRef = FC1FF1CD144FD76E008429F9 /* MainStoryboard.storyboard */; };
		FC1FF1D2144FD76E008429F9 /* ViewController.m in Sources */ = {isa = PBXBuildFile; fileRef = FC1FF1D1144FD76E008429F9 /* ViewController.m */; };
		FC1FF1F2144FE1B6008429F9 /* DetailViewController.m in Sources */ = {isa = PBXBuildFile; fileRef = FC1FF1F1144FE1B6008429F9 /* DetailViewController.m */; };
		FC1FF1F5144FE696008429F9 /* LightGrey.png in Resources */ = {isa = PBXBuildFile; fileRef = FC1FF1F3144FE696008429F9 /* LightGrey.png */; };
		FC1FF1F6144FE696008429F9 /* LightGrey@2x.png in Resources */ = {isa = PBXBuildFile; fileRef = FC1FF1F4144FE696008429F9 /* LightGrey@2x.png */; };
/* End PBXBuildFile section */

/* Begin PBXFileReference section */
		EC0E7C9A162C034B00222E53 /* Contact.rdb */ = {isa = PBXFileReference; lastKnownFileType = file; path = Contact.rdb; sourceTree = "<group>"; };
		EC4646BA15A5A0A000E0258D /* AddressBook.framework */ = {isa = PBXFileReference; lastKnownFileType = wrapper.framework; name = AddressBook.framework; path = System/Library/Frameworks/AddressBook.framework; sourceTree = SDKROOT; };
		EC4646BC15A5A0BF00E0258D /* AddressBookUI.framework */ = {isa = PBXFileReference; lastKnownFileType = wrapper.framework; name = AddressBookUI.framework; path = System/Library/Frameworks/AddressBookUI.framework; sourceTree = SDKROOT; };
		EC54D0E91606FF5600B6FCFC /* icon_settings.png */ = {isa = PBXFileReference; lastKnownFileType = image.png; path = icon_settings.png; sourceTree = "<group>"; };
		EC54D0EC1606FFB500B6FCFC /* icon_settings copy.png */ = {isa = PBXFileReference; lastKnownFileType = image.png; path = "icon_settings copy.png"; sourceTree = "<group>"; };
		EC65D184160B4AFB00272E06 /* Default-568h@2x.png */ = {isa = PBXFileReference; lastKnownFileType = image.png; name = "Default-568h@2x.png"; path = "../Default-568h@2x.png"; sourceTree = "<group>"; };
		EC7F020315A455CE00F55735 /* DbDataController.h */ = {isa = PBXFileReference; fileEncoding = 4; lastKnownFileType = sourcecode.c.h; path = DbDataController.h; sourceTree = "<group>"; };
		EC7F020415A455CE00F55735 /* DbDataController.m */ = {isa = PBXFileReference; fileEncoding = 4; lastKnownFileType = sourcecode.c.objc; path = DbDataController.m; sourceTree = "<group>"; };
		EC7F020715A4565B00F55735 /* Contacts.h */ = {isa = PBXFileReference; fileEncoding = 4; lastKnownFileType = sourcecode.c.h; path = Contacts.h; sourceTree = "<group>"; };
		EC7F020815A4568500F55735 /* Contacts.m */ = {isa = PBXFileReference; fileEncoding = 4; lastKnownFileType = sourcecode.c.objc; path = Contacts.m; sourceTree = "<group>"; };
		EC7F020A15A456BA00F55735 /* DataControllerDelegate.h */ = {isa = PBXFileReference; fileEncoding = 4; lastKnownFileType = sourcecode.c.h; path = DataControllerDelegate.h; sourceTree = "<group>"; };
		EC7F020B15A4570A00F55735 /* MessageUI.framework */ = {isa = PBXFileReference; lastKnownFileType = wrapper.framework; name = MessageUI.framework; path = System/Library/Frameworks/MessageUI.framework; sourceTree = SDKROOT; };
		EC7F020D15A4571600F55735 /* libsqlite3.0.dylib */ = {isa = PBXFileReference; lastKnownFileType = "compiled.mach-o.dylib"; name = libsqlite3.0.dylib; path = usr/lib/libsqlite3.0.dylib; sourceTree = SDKROOT; };
		EC80090A15ECBD4D001C0CA0 /* T-mark-warmgray.png */ = {isa = PBXFileReference; lastKnownFileType = image.png; name = "T-mark-warmgray.png"; path = "../T-mark-warmgray.png"; sourceTree = "<group>"; };
		EC8222E715AEBDDC006B57BC /* MBProgressHUD.h */ = {isa = PBXFileReference; fileEncoding = 4; lastKnownFileType = sourcecode.c.h; path = MBProgressHUD.h; sourceTree = "<group>"; };
		EC8222E915AEBDE2006B57BC /* MBProgressHUD.m */ = {isa = PBXFileReference; fileEncoding = 4; lastKnownFileType = sourcecode.c.objc; path = MBProgressHUD.m; sourceTree = "<group>"; };
		EC828FB115B8236D006D1818 /* SystemConfiguration.framework */ = {isa = PBXFileReference; lastKnownFileType = wrapper.framework; name = SystemConfiguration.framework; path = System/Library/Frameworks/SystemConfiguration.framework; sourceTree = SDKROOT; };
		EC84367B15F49F3B00F2D175 /* da */ = {isa = PBXFileReference; lastKnownFileType = text.plist.strings; name = da; path = da.lproj/InfoPlist.strings; sourceTree = "<group>"; };
		EC84BB5E1606F7B1008D9142 /* Contact.png */ = {isa = PBXFileReference; lastKnownFileType = image.png; path = Contact.png; sourceTree = "<group>"; };
		EC84BED21600557200EC25FC /* ViewControllerDelegate.h */ = {isa = PBXFileReference; lastKnownFileType = sourcecode.c.h; path = ViewControllerDelegate.h; sourceTree = "<group>"; };
		EC85A4AE15FF085600C37EF5 /* 19-gear.png */ = {isa = PBXFileReference; lastKnownFileType = image.png; path = "19-gear.png"; sourceTree = "<group>"; };
		EC85A4B215FF0A0600C37EF5 /* SettingsController.h */ = {isa = PBXFileReference; fileEncoding = 4; lastKnownFileType = sourcecode.c.h; path = SettingsController.h; sourceTree = "<group>"; };
		EC85A4B315FF0A0600C37EF5 /* SettingsController.m */ = {isa = PBXFileReference; fileEncoding = 4; lastKnownFileType = sourcecode.c.objc; path = SettingsController.m; sourceTree = "<group>"; };
		EC88370B162439BB001EA485 /* SettingsControllerDelegate.h */ = {isa = PBXFileReference; fileEncoding = 4; lastKnownFileType = sourcecode.c.h; path = SettingsControllerDelegate.h; sourceTree = "<group>"; };
		EC897901161D896500B8A1F1 /* plist.plist */ = {isa = PBXFileReference; fileEncoding = 4; lastKnownFileType = text.plist.xml; path = plist.plist; sourceTree = "<group>"; };
		EC8B375C15FDB3CD00B4FB8D /* VersionController.h */ = {isa = PBXFileReference; fileEncoding = 4; lastKnownFileType = sourcecode.c.h; path = VersionController.h; sourceTree = "<group>"; };
		EC8B375D15FDB3CD00B4FB8D /* VersionController.m */ = {isa = PBXFileReference; fileEncoding = 4; lastKnownFileType = sourcecode.c.objc; path = VersionController.m; sourceTree = "<group>"; };
		EC8B376015FDBF7F00B4FB8D /* VersionControllerDelegate.h */ = {isa = PBXFileReference; fileEncoding = 4; lastKnownFileType = sourcecode.c.h; path = VersionControllerDelegate.h; sourceTree = "<group>"; };
		ECBD380B15C125E10095B789 /* ImageIO.framework */ = {isa = PBXFileReference; lastKnownFileType = wrapper.framework; name = ImageIO.framework; path = System/Library/Frameworks/ImageIO.framework; sourceTree = SDKROOT; };
		ECC966ED15EB987900CF1FCE /* Reachability.h */ = {isa = PBXFileReference; lastKnownFileType = sourcecode.c.h; path = Reachability.h; sourceTree = "<group>"; };
		ECC966EE15EB987900CF1FCE /* Reachability.m */ = {isa = PBXFileReference; lastKnownFileType = sourcecode.c.objc; path = Reachability.m; sourceTree = "<group>"; };
		ECC966EF15EB987900CF1FCE /* ReachabilityAppDelegate.h */ = {isa = PBXFileReference; lastKnownFileType = sourcecode.c.h; path = ReachabilityAppDelegate.h; sourceTree = "<group>"; };
		ECC966F015EB987900CF1FCE /* ReachabilityAppDelegate.m */ = {isa = PBXFileReference; lastKnownFileType = sourcecode.c.objc; path = ReachabilityAppDelegate.m; sourceTree = "<group>"; };
		ECE7189F15F5E9D3008F6874 /* Default@2x.png */ = {isa = PBXFileReference; lastKnownFileType = image.png; name = "Default@2x.png"; path = "../Default@2x.png"; sourceTree = "<group>"; };
		FC1FF1B7144FD76E008429F9 /* Phonebook.app */ = {isa = PBXFileReference; explicitFileType = wrapper.application; includeInIndex = 0; path = Phonebook.app; sourceTree = BUILT_PRODUCTS_DIR; };
		FC1FF1BB144FD76E008429F9 /* UIKit.framework */ = {isa = PBXFileReference; lastKnownFileType = wrapper.framework; name = UIKit.framework; path = System/Library/Frameworks/UIKit.framework; sourceTree = SDKROOT; };
		FC1FF1BD144FD76E008429F9 /* Foundation.framework */ = {isa = PBXFileReference; lastKnownFileType = wrapper.framework; name = Foundation.framework; path = System/Library/Frameworks/Foundation.framework; sourceTree = SDKROOT; };
		FC1FF1BF144FD76E008429F9 /* CoreGraphics.framework */ = {isa = PBXFileReference; lastKnownFileType = wrapper.framework; name = CoreGraphics.framework; path = System/Library/Frameworks/CoreGraphics.framework; sourceTree = SDKROOT; };
		FC1FF1C3144FD76E008429F9 /* Phonebook-Info.plist */ = {isa = PBXFileReference; lastKnownFileType = text.plist.xml; path = "Phonebook-Info.plist"; sourceTree = "<group>"; };
		FC1FF1C5144FD76E008429F9 /* en */ = {isa = PBXFileReference; lastKnownFileType = text.plist.strings; name = en; path = en.lproj/InfoPlist.strings; sourceTree = "<group>"; };
		FC1FF1C7144FD76E008429F9 /* main.m */ = {isa = PBXFileReference; lastKnownFileType = sourcecode.c.objc; path = main.m; sourceTree = "<group>"; };
		FC1FF1C9144FD76E008429F9 /* Phonebook-Prefix.pch */ = {isa = PBXFileReference; lastKnownFileType = sourcecode.c.h; path = "Phonebook-Prefix.pch"; sourceTree = "<group>"; };
		FC1FF1CA144FD76E008429F9 /* AppDelegate.h */ = {isa = PBXFileReference; lastKnownFileType = sourcecode.c.h; path = AppDelegate.h; sourceTree = "<group>"; };
		FC1FF1CB144FD76E008429F9 /* AppDelegate.m */ = {isa = PBXFileReference; lastKnownFileType = sourcecode.c.objc; path = AppDelegate.m; sourceTree = "<group>"; };
		FC1FF1CE144FD76E008429F9 /* en */ = {isa = PBXFileReference; lastKnownFileType = file.storyboard; name = en; path = en.lproj/MainStoryboard.storyboard; sourceTree = "<group>"; };
		FC1FF1D0144FD76E008429F9 /* ViewController.h */ = {isa = PBXFileReference; lastKnownFileType = sourcecode.c.h; path = ViewController.h; sourceTree = "<group>"; };
		FC1FF1D1144FD76E008429F9 /* ViewController.m */ = {isa = PBXFileReference; lastKnownFileType = sourcecode.c.objc; path = ViewController.m; sourceTree = "<group>"; };
		FC1FF1D9144FD76F008429F9 /* SenTestingKit.framework */ = {isa = PBXFileReference; lastKnownFileType = wrapper.framework; name = SenTestingKit.framework; path = Library/Frameworks/SenTestingKit.framework; sourceTree = DEVELOPER_DIR; };
		FC1FF1F0144FE1B6008429F9 /* DetailViewController.h */ = {isa = PBXFileReference; fileEncoding = 4; lastKnownFileType = sourcecode.c.h; path = DetailViewController.h; sourceTree = "<group>"; };
		FC1FF1F1144FE1B6008429F9 /* DetailViewController.m */ = {isa = PBXFileReference; fileEncoding = 4; lastKnownFileType = sourcecode.c.objc; path = DetailViewController.m; sourceTree = "<group>"; };
		FC1FF1F3144FE696008429F9 /* LightGrey.png */ = {isa = PBXFileReference; lastKnownFileType = image.png; path = LightGrey.png; sourceTree = "<group>"; };
		FC1FF1F4144FE696008429F9 /* LightGrey@2x.png */ = {isa = PBXFileReference; lastKnownFileType = image.png; path = "LightGrey@2x.png"; sourceTree = "<group>"; };
/* End PBXFileReference section */

/* Begin PBXFrameworksBuildPhase section */
		FC1FF1B4144FD76E008429F9 /* Frameworks */ = {
			isa = PBXFrameworksBuildPhase;
			buildActionMask = 2147483647;
			files = (
				EC828FB215B8236D006D1818 /* SystemConfiguration.framework in Frameworks */,
				EC4646BD15A5A0BF00E0258D /* AddressBookUI.framework in Frameworks */,
				EC4646BB15A5A0A000E0258D /* AddressBook.framework in Frameworks */,
				EC7F020E15A4571600F55735 /* libsqlite3.0.dylib in Frameworks */,
				EC7F020C15A4570A00F55735 /* MessageUI.framework in Frameworks */,
				FC1FF1BC144FD76E008429F9 /* UIKit.framework in Frameworks */,
				FC1FF1BE144FD76E008429F9 /* Foundation.framework in Frameworks */,
				FC1FF1C0144FD76E008429F9 /* CoreGraphics.framework in Frameworks */,
			);
			runOnlyForDeploymentPostprocessing = 0;
		};
/* End PBXFrameworksBuildPhase section */

/* Begin PBXGroup section */
		EC7600AD15AEC4960011E681 /* MBProgressHUD */ = {
			isa = PBXGroup;
			children = (
				EC8222E915AEBDE2006B57BC /* MBProgressHUD.m */,
				EC8222E715AEBDDC006B57BC /* MBProgressHUD.h */,
			);
			name = MBProgressHUD;
			sourceTree = "<group>";
		};
		EC7600AF15AEC4F20011E681 /* DB */ = {
			isa = PBXGroup;
			children = (
				EC7F020A15A456BA00F55735 /* DataControllerDelegate.h */,
				EC7F020815A4568500F55735 /* Contacts.m */,
				EC7F020715A4565B00F55735 /* Contacts.h */,
				EC7F020415A455CE00F55735 /* DbDataController.m */,
				EC7F020315A455CE00F55735 /* DbDataController.h */,
			);
			name = DB;
			sourceTree = "<group>";
		};
		EC80090C15ECBD9E001C0CA0 /* Pics */ = {
			isa = PBXGroup;
			children = (
				EC65D184160B4AFB00272E06 /* Default-568h@2x.png */,
				EC85A4AE15FF085600C37EF5 /* 19-gear.png */,
				EC54D0E91606FF5600B6FCFC /* icon_settings.png */,
				EC54D0EC1606FFB500B6FCFC /* icon_settings copy.png */,
				ECE7189F15F5E9D3008F6874 /* Default@2x.png */,
				EC80090A15ECBD4D001C0CA0 /* T-mark-warmgray.png */,
				FC1FF1F4144FE696008429F9 /* LightGrey@2x.png */,
				EC84BB5E1606F7B1008D9142 /* Contact.png */,
				FC1FF1F3144FE696008429F9 /* LightGrey.png */,
			);
			name = Pics;
			sourceTree = "<group>";
		};
		EC80C4CB161ABB520089D3C6 /* Main ViewController */ = {
			isa = PBXGroup;
			children = (
				EC84BED21600557200EC25FC /* ViewControllerDelegate.h */,
				FC1FF1D1144FD76E008429F9 /* ViewController.m */,
				FC1FF1D0144FD76E008429F9 /* ViewController.h */,
			);
			name = "Main ViewController";
			sourceTree = "<group>";
		};
		EC84BB5D1606F62D008D9142 /* Settings */ = {
			isa = PBXGroup;
			children = (
				EC85A4B315FF0A0600C37EF5 /* SettingsController.m */,
				EC85A4B215FF0A0600C37EF5 /* SettingsController.h */,
				EC88370B162439BB001EA485 /* SettingsControllerDelegate.h */,
			);
			name = Settings;
			sourceTree = "<group>";
		};
		EC85A4B115FF096000C37EF5 /* Version Control */ = {
			isa = PBXGroup;
			children = (
				EC8B376015FDBF7F00B4FB8D /* VersionControllerDelegate.h */,
				EC8B375D15FDB3CD00B4FB8D /* VersionController.m */,
				EC8B375C15FDB3CD00B4FB8D /* VersionController.h */,
			);
			name = "Version Control";
			sourceTree = "<group>";
		};
		EC86D7571619AF830067403F /* Detail View */ = {
			isa = PBXGroup;
			children = (
				FC1FF1F1144FE1B6008429F9 /* DetailViewController.m */,
				FC1FF1F0144FE1B6008429F9 /* DetailViewController.h */,
			);
			name = "Detail View";
			sourceTree = "<group>";
		};
		ECC966EB15EB986500CF1FCE /* Reachability */ = {
			isa = PBXGroup;
			children = (
				ECC966ED15EB987900CF1FCE /* Reachability.h */,
				ECC966EE15EB987900CF1FCE /* Reachability.m */,
				ECC966EF15EB987900CF1FCE /* ReachabilityAppDelegate.h */,
				ECC966F015EB987900CF1FCE /* ReachabilityAppDelegate.m */,
			);
			name = Reachability;
			sourceTree = "<group>";
		};
		FC1FF1AC144FD76E008429F9 = {
			isa = PBXGroup;
			children = (
				FC1FF1C1144FD76E008429F9 /* StoryboardTutorial */,
				FC1FF1BA144FD76E008429F9 /* Frameworks */,
				FC1FF1B8144FD76E008429F9 /* Products */,
			);
			sourceTree = "<group>";
		};
		FC1FF1B8144FD76E008429F9 /* Products */ = {
			isa = PBXGroup;
			children = (
				FC1FF1B7144FD76E008429F9 /* Phonebook.app */,
			);
			name = Products;
			sourceTree = "<group>";
		};
		FC1FF1BA144FD76E008429F9 /* Frameworks */ = {
			isa = PBXGroup;
			children = (
				ECBD380B15C125E10095B789 /* ImageIO.framework */,
				EC828FB115B8236D006D1818 /* SystemConfiguration.framework */,
				EC4646BC15A5A0BF00E0258D /* AddressBookUI.framework */,
				EC4646BA15A5A0A000E0258D /* AddressBook.framework */,
				EC7F020B15A4570A00F55735 /* MessageUI.framework */,
				FC1FF1BB144FD76E008429F9 /* UIKit.framework */,
				FC1FF1BD144FD76E008429F9 /* Foundation.framework */,
				FC1FF1BF144FD76E008429F9 /* CoreGraphics.framework */,
				FC1FF1D9144FD76F008429F9 /* SenTestingKit.framework */,
			);
			name = Frameworks;
			sourceTree = "<group>";
		};
		FC1FF1C1144FD76E008429F9 /* StoryboardTutorial */ = {
			isa = PBXGroup;
			children = (
				FC1FF1CD144FD76E008429F9 /* MainStoryboard.storyboard */,
				FC1FF1CB144FD76E008429F9 /* AppDelegate.m */,
				FC1FF1CA144FD76E008429F9 /* AppDelegate.h */,
				EC85A4B115FF096000C37EF5 /* Version Control */,
				ECC966EB15EB986500CF1FCE /* Reachability */,
				EC7600AF15AEC4F20011E681 /* DB */,
				EC7600AD15AEC4960011E681 /* MBProgressHUD */,
				EC86D7571619AF830067403F /* Detail View */,
				EC80C4CB161ABB520089D3C6 /* Main ViewController */,
				EC84BB5D1606F62D008D9142 /* Settings */,
				FC1FF1C2144FD76E008429F9 /* Supporting Files */,
			);
			path = StoryboardTutorial;
			sourceTree = "<group>";
		};
		FC1FF1C2144FD76E008429F9 /* Supporting Files */ = {
			isa = PBXGroup;
			children = (
				EC80090C15ECBD9E001C0CA0 /* Pics */,
				EC7F020D15A4571600F55735 /* libsqlite3.0.dylib */,
				FC1FF1C3144FD76E008429F9 /* Phonebook-Info.plist */,
				EC0E7C9A162C034B00222E53 /* Contact.rdb */,
				EC897901161D896500B8A1F1 /* plist.plist */,
				FC1FF1C4144FD76E008429F9 /* InfoPlist.strings */,
				FC1FF1C7144FD76E008429F9 /* main.m */,
				FC1FF1C9144FD76E008429F9 /* Phonebook-Prefix.pch */,
			);
			name = "Supporting Files";
			sourceTree = "<group>";
		};
/* End PBXGroup section */

/* Begin PBXNativeTarget section */
		FC1FF1B6144FD76E008429F9 /* Phonebook */ = {
			isa = PBXNativeTarget;
			buildConfigurationList = FC1FF1EA144FD76F008429F9 /* Build configuration list for PBXNativeTarget "Phonebook" */;
			buildPhases = (
				FC1FF1B3144FD76E008429F9 /* Sources */,
				FC1FF1B4144FD76E008429F9 /* Frameworks */,
				FC1FF1B5144FD76E008429F9 /* Resources */,
			);
			buildRules = (
			);
			dependencies = (
			);
			name = Phonebook;
			productName = StoryboardTutorial;
			productReference = FC1FF1B7144FD76E008429F9 /* Phonebook.app */;
			productType = "com.apple.product-type.application";
		};
/* End PBXNativeTarget section */

/* Begin PBXProject section */
		FC1FF1AE144FD76E008429F9 /* Project object */ = {
			isa = PBXProject;
			attributes = {
				LastUpgradeCheck = 0420;
			};
			buildConfigurationList = FC1FF1B1144FD76E008429F9 /* Build configuration list for PBXProject "Phonebook" */;
			compatibilityVersion = "Xcode 3.2";
			developmentRegion = English;
			hasScannedForEncodings = 0;
			knownRegions = (
				en,
				da,
			);
			mainGroup = FC1FF1AC144FD76E008429F9;
			productRefGroup = FC1FF1B8144FD76E008429F9 /* Products */;
			projectDirPath = "";
			projectRoot = "";
			targets = (
				FC1FF1B6144FD76E008429F9 /* Phonebook */,
			);
		};
/* End PBXProject section */

/* Begin PBXResourcesBuildPhase section */
		FC1FF1B5144FD76E008429F9 /* Resources */ = {
			isa = PBXResourcesBuildPhase;
			buildActionMask = 2147483647;
			files = (
				EC0E7C9B162C041600222E53 /* Contact.rdb in Resources */,
				FC1FF1C6144FD76E008429F9 /* InfoPlist.strings in Resources */,
				FC1FF1CF144FD76E008429F9 /* MainStoryboard.storyboard in Resources */,
				FC1FF1F5144FE696008429F9 /* LightGrey.png in Resources */,
				FC1FF1F6144FE696008429F9 /* LightGrey@2x.png in Resources */,
				EC80090B15ECBD4D001C0CA0 /* T-mark-warmgray.png in Resources */,
				ECE718A015F5E9D3008F6874 /* Default@2x.png in Resources */,
				EC85A4AF15FF085600C37EF5 /* 19-gear.png in Resources */,
				EC84BB5F1606F7B1008D9142 /* Contact.png in Resources */,
				EC54D0EA1606FF5600B6FCFC /* icon_settings.png in Resources */,
				EC54D0ED1606FFB500B6FCFC /* icon_settings copy.png in Resources */,
				EC65D185160B4AFB00272E06 /* Default-568h@2x.png in Resources */,
				EC897902161D896500B8A1F1 /* plist.plist in Resources */,
			);
			runOnlyForDeploymentPostprocessing = 0;
		};
/* End PBXResourcesBuildPhase section */

/* Begin PBXSourcesBuildPhase section */
		FC1FF1B3144FD76E008429F9 /* Sources */ = {
			isa = PBXSourcesBuildPhase;
			buildActionMask = 2147483647;
			files = (
				ECC966F115EBA54000CF1FCE /* Reachability.m in Sources */,
				FC1FF1C8144FD76E008429F9 /* main.m in Sources */,
				FC1FF1CC144FD76E008429F9 /* AppDelegate.m in Sources */,
				FC1FF1D2144FD76E008429F9 /* ViewController.m in Sources */,
				FC1FF1F2144FE1B6008429F9 /* DetailViewController.m in Sources */,
				EC7F020515A455CE00F55735 /* DbDataController.m in Sources */,
				EC7F020915A4568500F55735 /* Contacts.m in Sources */,
				EC8222EA15AEBDE2006B57BC /* MBProgressHUD.m in Sources */,
				EC8B375E15FDB3CD00B4FB8D /* VersionController.m in Sources */,
				EC85A4B415FF0A0600C37EF5 /* SettingsController.m in Sources */,
			);
			runOnlyForDeploymentPostprocessing = 0;
		};
/* End PBXSourcesBuildPhase section */

/* Begin PBXVariantGroup section */
		FC1FF1C4144FD76E008429F9 /* InfoPlist.strings */ = {
			isa = PBXVariantGroup;
			children = (
				FC1FF1C5144FD76E008429F9 /* en */,
				EC84367B15F49F3B00F2D175 /* da */,
			);
			name = InfoPlist.strings;
			sourceTree = "<group>";
		};
		FC1FF1CD144FD76E008429F9 /* MainStoryboard.storyboard */ = {
			isa = PBXVariantGroup;
			children = (
				FC1FF1CE144FD76E008429F9 /* en */,
			);
			name = MainStoryboard.storyboard;
			sourceTree = "<group>";
		};
/* End PBXVariantGroup section */

/* Begin XCBuildConfiguration section */
		FC1FF1E8144FD76F008429F9 /* Debug */ = {
			isa = XCBuildConfiguration;
			buildSettings = {
				ALWAYS_SEARCH_USER_PATHS = NO;
				ARCHS = "$(ARCHS_STANDARD_32_BIT)";
				CLANG_ENABLE_OBJC_ARC = YES;
				"CODE_SIGN_IDENTITY[sdk=iphoneos*]" = "iPhone Developer";
				COPY_PHASE_STRIP = NO;
				GCC_C_LANGUAGE_STANDARD = gnu99;
				GCC_DYNAMIC_NO_PIC = NO;
				GCC_OPTIMIZATION_LEVEL = 0;
				GCC_PREPROCESSOR_DEFINITIONS = (
					"DEBUG=1",
					"$(inherited)",
				);
				GCC_SYMBOLS_PRIVATE_EXTERN = NO;
				GCC_VERSION = com.apple.compilers.llvm.clang.1_0;
				GCC_WARN_ABOUT_MISSING_PROTOTYPES = YES;
				GCC_WARN_ABOUT_RETURN_TYPE = YES;
				GCC_WARN_UNUSED_VARIABLE = YES;
				IPHONEOS_DEPLOYMENT_TARGET = 5.0;
				"PROVISIONING_PROFILE[sdk=iphoneos*]" = "";
				SDKROOT = iphoneos;
			};
			name = Debug;
		};
		FC1FF1E9144FD76F008429F9 /* Release */ = {
			isa = XCBuildConfiguration;
			buildSettings = {
				ALWAYS_SEARCH_USER_PATHS = NO;
				ARCHS = "$(ARCHS_STANDARD_32_BIT)";
				CLANG_ENABLE_OBJC_ARC = YES;
				"CODE_SIGN_IDENTITY[sdk=iphoneos*]" = "iPhone Distribution";
				COPY_PHASE_STRIP = YES;
				GCC_C_LANGUAGE_STANDARD = gnu99;
				GCC_VERSION = com.apple.compilers.llvm.clang.1_0;
				GCC_WARN_ABOUT_MISSING_PROTOTYPES = YES;
				GCC_WARN_ABOUT_RETURN_TYPE = YES;
				GCC_WARN_UNUSED_VARIABLE = YES;
				IPHONEOS_DEPLOYMENT_TARGET = 5.0;
				OTHER_CFLAGS = "-DNS_BLOCK_ASSERTIONS=1";
				"PROVISIONING_PROFILE[sdk=iphoneos*]" = "";
				SDKROOT = iphoneos;
				VALIDATE_PRODUCT = YES;
			};
			name = Release;
		};
		FC1FF1EB144FD76F008429F9 /* Debug */ = {
			isa = XCBuildConfiguration;
			buildSettings = {
				GCC_PRECOMPILE_PREFIX_HEADER = YES;
				GCC_PREFIX_HEADER = "StoryboardTutorial/Phonebook-Prefix.pch";
				INFOPLIST_FILE = "StoryboardTutorial/Phonebook-Info.plist";
				PRODUCT_NAME = Phonebook;
				WRAPPER_EXTENSION = app;
			};
			name = Debug;
		};
		FC1FF1EC144FD76F008429F9 /* Release */ = {
			isa = XCBuildConfiguration;
			buildSettings = {
				GCC_PRECOMPILE_PREFIX_HEADER = YES;
				GCC_PREFIX_HEADER = "StoryboardTutorial/Phonebook-Prefix.pch";
				INFOPLIST_FILE = "StoryboardTutorial/Phonebook-Info.plist";
				PRODUCT_NAME = Phonebook;
				WRAPPER_EXTENSION = app;
			};
			name = Release;
		};
/* End XCBuildConfiguration section */

/* Begin XCConfigurationList section */
		FC1FF1B1144FD76E008429F9 /* Build configuration list for PBXProject "Phonebook" */ = {
			isa = XCConfigurationList;
			buildConfigurations = (
				FC1FF1E8144FD76F008429F9 /* Debug */,
				FC1FF1E9144FD76F008429F9 /* Release */,
			);
			defaultConfigurationIsVisible = 0;
			defaultConfigurationName = Release;
		};
		FC1FF1EA144FD76F008429F9 /* Build configuration list for PBXNativeTarget "Phonebook" */ = {
			isa = XCConfigurationList;
			buildConfigurations = (
				FC1FF1EB144FD76F008429F9 /* Debug */,
				FC1FF1EC144FD76F008429F9 /* Release */,
			);
			defaultConfigurationIsVisible = 0;
			defaultConfigurationName = Release;
		};
/* End XCConfigurationList section */
	};
	rootObject = FC1FF1AE144FD76E008429F9 /* Project object */;
}
